// !$*UTF8*$!
{
	archiveVersion = 1;
	classes = {
	};
	objectVersion = 56;
	objects = {

/* Begin PBXBuildFile section */
		144F97B52963FD0D0052DDE2 /* AppDelegate.swift in Sources */ = {isa = PBXBuildFile; fileRef = 144F97B42963FD0D0052DDE2 /* AppDelegate.swift */; };
		144F97B72963FD0D0052DDE2 /* SceneDelegate.swift in Sources */ = {isa = PBXBuildFile; fileRef = 144F97B62963FD0D0052DDE2 /* SceneDelegate.swift */; };
		144F97B92963FD0D0052DDE2 /* GitHubViewController.swift in Sources */ = {isa = PBXBuildFile; fileRef = 144F97B82963FD0D0052DDE2 /* GitHubViewController.swift */; };
		144F97BC2963FD0D0052DDE2 /* Main.storyboard in Resources */ = {isa = PBXBuildFile; fileRef = 144F97BA2963FD0D0052DDE2 /* Main.storyboard */; };
		144F97BE2963FD0D0052DDE2 /* Assets.xcassets in Resources */ = {isa = PBXBuildFile; fileRef = 144F97BD2963FD0D0052DDE2 /* Assets.xcassets */; };
		144F97C12963FD0D0052DDE2 /* LaunchScreen.storyboard in Resources */ = {isa = PBXBuildFile; fileRef = 144F97BF2963FD0D0052DDE2 /* LaunchScreen.storyboard */; };
		144F97CC2963FD0E0052DDE2 /* GitHubProjectTests.swift in Sources */ = {isa = PBXBuildFile; fileRef = 144F97CB2963FD0E0052DDE2 /* GitHubProjectTests.swift */; };
		144F97D62963FD0E0052DDE2 /* GitHubProjectUITests.swift in Sources */ = {isa = PBXBuildFile; fileRef = 144F97D52963FD0E0052DDE2 /* GitHubProjectUITests.swift */; };
		144F97D82963FD0E0052DDE2 /* GitHubProjectUITestsLaunchTests.swift in Sources */ = {isa = PBXBuildFile; fileRef = 144F97D72963FD0E0052DDE2 /* GitHubProjectUITestsLaunchTests.swift */; };
		144F97E6296413E30052DDE2 /* GitHub.swift in Sources */ = {isa = PBXBuildFile; fileRef = 144F97E5296413E30052DDE2 /* GitHub.swift */; };
		144F97EC29641A3D0052DDE2 /* GitHubRepo.swift in Sources */ = {isa = PBXBuildFile; fileRef = 144F97EB29641A3D0052DDE2 /* GitHubRepo.swift */; };
		144F97EE2964218B0052DDE2 /* ApiGitHub.swift in Sources */ = {isa = PBXBuildFile; fileRef = 144F97ED2964218B0052DDE2 /* ApiGitHub.swift */; };
		144F97F129642FE20052DDE2 /* GitHubViewModel.swift in Sources */ = {isa = PBXBuildFile; fileRef = 144F97F029642FE20052DDE2 /* GitHubViewModel.swift */; };
		144F97F4296440F20052DDE2 /* UsersTableViewCell.swift in Sources */ = {isa = PBXBuildFile; fileRef = 144F97F3296440F20052DDE2 /* UsersTableViewCell.swift */; };
		144F97F6296561090052DDE2 /* Dynamic.swift in Sources */ = {isa = PBXBuildFile; fileRef = 144F97F5296561090052DDE2 /* Dynamic.swift */; };
		144F97F8296573780052DDE2 /* UserDetailsViewModel.swift in Sources */ = {isa = PBXBuildFile; fileRef = 144F97F7296573780052DDE2 /* UserDetailsViewModel.swift */; };
		144F97FA2965738D0052DDE2 /* UserDetailsViewController.swift in Sources */ = {isa = PBXBuildFile; fileRef = 144F97F92965738D0052DDE2 /* UserDetailsViewController.swift */; };
		1498D4132965905200898BF0 /* ReposTableViewCell.swift in Sources */ = {isa = PBXBuildFile; fileRef = 1498D4122965905200898BF0 /* ReposTableViewCell.swift */; };
		1498D4172966BA9B00898BF0 /* Spinner.swift in Sources */ = {isa = PBXBuildFile; fileRef = 1498D4162966BA9B00898BF0 /* Spinner.swift */; };
		1498D41B2966D06F00898BF0 /* ForksUsersViewController.swift in Sources */ = {isa = PBXBuildFile; fileRef = 1498D41A2966D06F00898BF0 /* ForksUsersViewController.swift */; };
		1498D41D2966D08000898BF0 /* ForksUsersViewModel.swift in Sources */ = {isa = PBXBuildFile; fileRef = 1498D41C2966D08000898BF0 /* ForksUsersViewModel.swift */; };
		1498D41F2969E6C200898BF0 /* UserDetailsViewController.storyboard in Resources */ = {isa = PBXBuildFile; fileRef = 1498D41E2969E6C200898BF0 /* UserDetailsViewController.storyboard */; };
		1498D4212969E9A800898BF0 /* Spinner.storyboard in Resources */ = {isa = PBXBuildFile; fileRef = 1498D4202969E9A800898BF0 /* Spinner.storyboard */; };
		1498D4232969E9E300898BF0 /* ForksUsersViewController.storyboard in Resources */ = {isa = PBXBuildFile; fileRef = 1498D4222969E9E300898BF0 /* ForksUsersViewController.storyboard */; };
		1498D4252969EB7600898BF0 /* ForkUsersTableViewCell.swift in Sources */ = {isa = PBXBuildFile; fileRef = 1498D4242969EB7600898BF0 /* ForkUsersTableViewCell.swift */; };
		86149AD86C16143412D51792 /* Pods_GitHubProject.framework in Frameworks */ = {isa = PBXBuildFile; fileRef = 6B60C4FE94A5250CBEB48604 /* Pods_GitHubProject.framework */; };
		EB09E35599D51ADCDB3D82B5 /* Pods_GitHubProjectTests.framework in Frameworks */ = {isa = PBXBuildFile; fileRef = 4AB91539C49BEB4ADD03DAC6 /* Pods_GitHubProjectTests.framework */; };
		FCEB452AA009A6D6C6C59139 /* Pods_GitHubProject_GitHubProjectUITests.framework in Frameworks */ = {isa = PBXBuildFile; fileRef = 8F457FC86457F03F6C7FCBA6 /* Pods_GitHubProject_GitHubProjectUITests.framework */; };
/* End PBXBuildFile section */

/* Begin PBXContainerItemProxy section */
		144F97C82963FD0E0052DDE2 /* PBXContainerItemProxy */ = {
			isa = PBXContainerItemProxy;
			containerPortal = 144F97A92963FD0D0052DDE2 /* Project object */;
			proxyType = 1;
			remoteGlobalIDString = 144F97B02963FD0D0052DDE2;
			remoteInfo = GitHubProject;
		};
		144F97D22963FD0E0052DDE2 /* PBXContainerItemProxy */ = {
			isa = PBXContainerItemProxy;
			containerPortal = 144F97A92963FD0D0052DDE2 /* Project object */;
			proxyType = 1;
			remoteGlobalIDString = 144F97B02963FD0D0052DDE2;
			remoteInfo = GitHubProject;
		};
/* End PBXContainerItemProxy section */

/* Begin PBXFileReference section */
		0CF11B30D5A0C43777A39AF2 /* Pods-GitHubProjectTests.release.xcconfig */ = {isa = PBXFileReference; includeInIndex = 1; lastKnownFileType = text.xcconfig; name = "Pods-GitHubProjectTests.release.xcconfig"; path = "Target Support Files/Pods-GitHubProjectTests/Pods-GitHubProjectTests.release.xcconfig"; sourceTree = "<group>"; };
		144F97B12963FD0D0052DDE2 /* GitHubProject.app */ = {isa = PBXFileReference; explicitFileType = wrapper.application; includeInIndex = 0; path = GitHubProject.app; sourceTree = BUILT_PRODUCTS_DIR; };
		144F97B42963FD0D0052DDE2 /* AppDelegate.swift */ = {isa = PBXFileReference; lastKnownFileType = sourcecode.swift; path = AppDelegate.swift; sourceTree = "<group>"; };
		144F97B62963FD0D0052DDE2 /* SceneDelegate.swift */ = {isa = PBXFileReference; lastKnownFileType = sourcecode.swift; path = SceneDelegate.swift; sourceTree = "<group>"; };
		144F97B82963FD0D0052DDE2 /* GitHubViewController.swift */ = {isa = PBXFileReference; lastKnownFileType = sourcecode.swift; path = GitHubViewController.swift; sourceTree = "<group>"; };
		144F97BB2963FD0D0052DDE2 /* Base */ = {isa = PBXFileReference; lastKnownFileType = file.storyboard; name = Base; path = Base.lproj/Main.storyboard; sourceTree = "<group>"; };
		144F97BD2963FD0D0052DDE2 /* Assets.xcassets */ = {isa = PBXFileReference; lastKnownFileType = folder.assetcatalog; path = Assets.xcassets; sourceTree = "<group>"; };
		144F97C02963FD0D0052DDE2 /* Base */ = {isa = PBXFileReference; lastKnownFileType = file.storyboard; name = Base; path = Base.lproj/LaunchScreen.storyboard; sourceTree = "<group>"; };
		144F97C22963FD0D0052DDE2 /* Info.plist */ = {isa = PBXFileReference; lastKnownFileType = text.plist.xml; path = Info.plist; sourceTree = "<group>"; };
		144F97C72963FD0E0052DDE2 /* GitHubProjectTests.xctest */ = {isa = PBXFileReference; explicitFileType = wrapper.cfbundle; includeInIndex = 0; path = GitHubProjectTests.xctest; sourceTree = BUILT_PRODUCTS_DIR; };
		144F97CB2963FD0E0052DDE2 /* GitHubProjectTests.swift */ = {isa = PBXFileReference; lastKnownFileType = sourcecode.swift; path = GitHubProjectTests.swift; sourceTree = "<group>"; };
		144F97D12963FD0E0052DDE2 /* GitHubProjectUITests.xctest */ = {isa = PBXFileReference; explicitFileType = wrapper.cfbundle; includeInIndex = 0; path = GitHubProjectUITests.xctest; sourceTree = BUILT_PRODUCTS_DIR; };
		144F97D52963FD0E0052DDE2 /* GitHubProjectUITests.swift */ = {isa = PBXFileReference; lastKnownFileType = sourcecode.swift; path = GitHubProjectUITests.swift; sourceTree = "<group>"; };
		144F97D72963FD0E0052DDE2 /* GitHubProjectUITestsLaunchTests.swift */ = {isa = PBXFileReference; lastKnownFileType = sourcecode.swift; path = GitHubProjectUITestsLaunchTests.swift; sourceTree = "<group>"; };
		144F97E5296413E30052DDE2 /* GitHub.swift */ = {isa = PBXFileReference; lastKnownFileType = sourcecode.swift; path = GitHub.swift; sourceTree = "<group>"; };
		144F97EB29641A3D0052DDE2 /* GitHubRepo.swift */ = {isa = PBXFileReference; lastKnownFileType = sourcecode.swift; path = GitHubRepo.swift; sourceTree = "<group>"; };
		144F97ED2964218B0052DDE2 /* ApiGitHub.swift */ = {isa = PBXFileReference; lastKnownFileType = sourcecode.swift; path = ApiGitHub.swift; sourceTree = "<group>"; };
		144F97F029642FE20052DDE2 /* GitHubViewModel.swift */ = {isa = PBXFileReference; lastKnownFileType = sourcecode.swift; path = GitHubViewModel.swift; sourceTree = "<group>"; };
		144F97F3296440F20052DDE2 /* UsersTableViewCell.swift */ = {isa = PBXFileReference; lastKnownFileType = sourcecode.swift; path = UsersTableViewCell.swift; sourceTree = "<group>"; };
		144F97F5296561090052DDE2 /* Dynamic.swift */ = {isa = PBXFileReference; lastKnownFileType = sourcecode.swift; path = Dynamic.swift; sourceTree = "<group>"; };
		144F97F7296573780052DDE2 /* UserDetailsViewModel.swift */ = {isa = PBXFileReference; lastKnownFileType = sourcecode.swift; path = UserDetailsViewModel.swift; sourceTree = "<group>"; };
		144F97F92965738D0052DDE2 /* UserDetailsViewController.swift */ = {isa = PBXFileReference; lastKnownFileType = sourcecode.swift; path = UserDetailsViewController.swift; sourceTree = "<group>"; };
		1498D4122965905200898BF0 /* ReposTableViewCell.swift */ = {isa = PBXFileReference; lastKnownFileType = sourcecode.swift; path = ReposTableViewCell.swift; sourceTree = "<group>"; };
		1498D4162966BA9B00898BF0 /* Spinner.swift */ = {isa = PBXFileReference; lastKnownFileType = sourcecode.swift; path = Spinner.swift; sourceTree = "<group>"; };
		1498D41A2966D06F00898BF0 /* ForksUsersViewController.swift */ = {isa = PBXFileReference; lastKnownFileType = sourcecode.swift; path = ForksUsersViewController.swift; sourceTree = "<group>"; };
		1498D41C2966D08000898BF0 /* ForksUsersViewModel.swift */ = {isa = PBXFileReference; lastKnownFileType = sourcecode.swift; path = ForksUsersViewModel.swift; sourceTree = "<group>"; };
		1498D41E2969E6C200898BF0 /* UserDetailsViewController.storyboard */ = {isa = PBXFileReference; lastKnownFileType = file.storyboard; path = UserDetailsViewController.storyboard; sourceTree = "<group>"; };
		1498D4202969E9A800898BF0 /* Spinner.storyboard */ = {isa = PBXFileReference; lastKnownFileType = file.storyboard; path = Spinner.storyboard; sourceTree = "<group>"; };
		1498D4222969E9E300898BF0 /* ForksUsersViewController.storyboard */ = {isa = PBXFileReference; lastKnownFileType = file.storyboard; path = ForksUsersViewController.storyboard; sourceTree = "<group>"; };
		1498D4242969EB7600898BF0 /* ForkUsersTableViewCell.swift */ = {isa = PBXFileReference; lastKnownFileType = sourcecode.swift; path = ForkUsersTableViewCell.swift; sourceTree = "<group>"; };
		19F832C452F31F0E68970DBD /* Pods-GitHubProject.debug.xcconfig */ = {isa = PBXFileReference; includeInIndex = 1; lastKnownFileType = text.xcconfig; name = "Pods-GitHubProject.debug.xcconfig"; path = "Target Support Files/Pods-GitHubProject/Pods-GitHubProject.debug.xcconfig"; sourceTree = "<group>"; };
		4AB91539C49BEB4ADD03DAC6 /* Pods_GitHubProjectTests.framework */ = {isa = PBXFileReference; explicitFileType = wrapper.framework; includeInIndex = 0; path = Pods_GitHubProjectTests.framework; sourceTree = BUILT_PRODUCTS_DIR; };
		66471AF43B4D060F92201323 /* Pods-GitHubProject.release.xcconfig */ = {isa = PBXFileReference; includeInIndex = 1; lastKnownFileType = text.xcconfig; name = "Pods-GitHubProject.release.xcconfig"; path = "Target Support Files/Pods-GitHubProject/Pods-GitHubProject.release.xcconfig"; sourceTree = "<group>"; };
		6B60C4FE94A5250CBEB48604 /* Pods_GitHubProject.framework */ = {isa = PBXFileReference; explicitFileType = wrapper.framework; includeInIndex = 0; path = Pods_GitHubProject.framework; sourceTree = BUILT_PRODUCTS_DIR; };
		8BEA2DA55834D21E1F195ECB /* Pods-GitHubProject-GitHubProjectUITests.release.xcconfig */ = {isa = PBXFileReference; includeInIndex = 1; lastKnownFileType = text.xcconfig; name = "Pods-GitHubProject-GitHubProjectUITests.release.xcconfig"; path = "Target Support Files/Pods-GitHubProject-GitHubProjectUITests/Pods-GitHubProject-GitHubProjectUITests.release.xcconfig"; sourceTree = "<group>"; };
		8F457FC86457F03F6C7FCBA6 /* Pods_GitHubProject_GitHubProjectUITests.framework */ = {isa = PBXFileReference; explicitFileType = wrapper.framework; includeInIndex = 0; path = Pods_GitHubProject_GitHubProjectUITests.framework; sourceTree = BUILT_PRODUCTS_DIR; };
		C4808B3785767DD91C093CFB /* Pods-GitHubProject-GitHubProjectUITests.debug.xcconfig */ = {isa = PBXFileReference; includeInIndex = 1; lastKnownFileType = text.xcconfig; name = "Pods-GitHubProject-GitHubProjectUITests.debug.xcconfig"; path = "Target Support Files/Pods-GitHubProject-GitHubProjectUITests/Pods-GitHubProject-GitHubProjectUITests.debug.xcconfig"; sourceTree = "<group>"; };
		D517BCCBE1C4D39D393DD84C /* Pods-GitHubProjectTests.debug.xcconfig */ = {isa = PBXFileReference; includeInIndex = 1; lastKnownFileType = text.xcconfig; name = "Pods-GitHubProjectTests.debug.xcconfig"; path = "Target Support Files/Pods-GitHubProjectTests/Pods-GitHubProjectTests.debug.xcconfig"; sourceTree = "<group>"; };
/* End PBXFileReference section */

/* Begin PBXFrameworksBuildPhase section */
		144F97AE2963FD0D0052DDE2 /* Frameworks */ = {
			isa = PBXFrameworksBuildPhase;
			buildActionMask = 2147483647;
			files = (
				86149AD86C16143412D51792 /* Pods_GitHubProject.framework in Frameworks */,
			);
			runOnlyForDeploymentPostprocessing = 0;
		};
		144F97C42963FD0E0052DDE2 /* Frameworks */ = {
			isa = PBXFrameworksBuildPhase;
			buildActionMask = 2147483647;
			files = (
				EB09E35599D51ADCDB3D82B5 /* Pods_GitHubProjectTests.framework in Frameworks */,
			);
			runOnlyForDeploymentPostprocessing = 0;
		};
		144F97CE2963FD0E0052DDE2 /* Frameworks */ = {
			isa = PBXFrameworksBuildPhase;
			buildActionMask = 2147483647;
			files = (
				FCEB452AA009A6D6C6C59139 /* Pods_GitHubProject_GitHubProjectUITests.framework in Frameworks */,
			);
			runOnlyForDeploymentPostprocessing = 0;
		};
/* End PBXFrameworksBuildPhase section */

/* Begin PBXGroup section */
		144F97A82963FD0D0052DDE2 = {
			isa = PBXGroup;
			children = (
				144F97B32963FD0D0052DDE2 /* GitHubProject */,
				144F97CA2963FD0E0052DDE2 /* GitHubProjectTests */,
				144F97D42963FD0E0052DDE2 /* GitHubProjectUITests */,
				144F97B22963FD0D0052DDE2 /* Products */,
				B16B9168D462C7397D6CF8E3 /* Pods */,
				818CE66534E2AE1AF106C2DB /* Frameworks */,
			);
			sourceTree = "<group>";
		};
		144F97B22963FD0D0052DDE2 /* Products */ = {
			isa = PBXGroup;
			children = (
				144F97B12963FD0D0052DDE2 /* GitHubProject.app */,
				144F97C72963FD0E0052DDE2 /* GitHubProjectTests.xctest */,
				144F97D12963FD0E0052DDE2 /* GitHubProjectUITests.xctest */,
			);
			name = Products;
			sourceTree = "<group>";
		};
		144F97B32963FD0D0052DDE2 /* GitHubProject */ = {
			isa = PBXGroup;
			children = (
				144F97EF29642FB30052DDE2 /* View */,
				144F97E9296414DA0052DDE2 /* Networking */,
				144F97E4296413370052DDE2 /* Models */,
				144F97B42963FD0D0052DDE2 /* AppDelegate.swift */,
				144F97B62963FD0D0052DDE2 /* SceneDelegate.swift */,
				144F97BA2963FD0D0052DDE2 /* Main.storyboard */,
				144F97BD2963FD0D0052DDE2 /* Assets.xcassets */,
				144F97BF2963FD0D0052DDE2 /* LaunchScreen.storyboard */,
				144F97C22963FD0D0052DDE2 /* Info.plist */,
				1498D41E2969E6C200898BF0 /* UserDetailsViewController.storyboard */,
				1498D4202969E9A800898BF0 /* Spinner.storyboard */,
				1498D4222969E9E300898BF0 /* ForksUsersViewController.storyboard */,
			);
			path = GitHubProject;
			sourceTree = "<group>";
		};
		144F97CA2963FD0E0052DDE2 /* GitHubProjectTests */ = {
			isa = PBXGroup;
			children = (
				144F97CB2963FD0E0052DDE2 /* GitHubProjectTests.swift */,
			);
			path = GitHubProjectTests;
			sourceTree = "<group>";
		};
		144F97D42963FD0E0052DDE2 /* GitHubProjectUITests */ = {
			isa = PBXGroup;
			children = (
				144F97D52963FD0E0052DDE2 /* GitHubProjectUITests.swift */,
				144F97D72963FD0E0052DDE2 /* GitHubProjectUITestsLaunchTests.swift */,
			);
			path = GitHubProjectUITests;
			sourceTree = "<group>";
		};
		144F97E4296413370052DDE2 /* Models */ = {
			isa = PBXGroup;
			children = (
				144F97E5296413E30052DDE2 /* GitHub.swift */,
				144F97EB29641A3D0052DDE2 /* GitHubRepo.swift */,
			);
			path = Models;
			sourceTree = "<group>";
		};
		144F97E9296414DA0052DDE2 /* Networking */ = {
			isa = PBXGroup;
			children = (
				144F97ED2964218B0052DDE2 /* ApiGitHub.swift */,
				144F97F5296561090052DDE2 /* Dynamic.swift */,
				1498D4162966BA9B00898BF0 /* Spinner.swift */,
			);
			path = Networking;
			sourceTree = "<group>";
		};
		144F97EF29642FB30052DDE2 /* View */ = {
			isa = PBXGroup;
			children = (
				144F97F22964408D0052DDE2 /* Cell */,
				144F97F029642FE20052DDE2 /* GitHubViewModel.swift */,
				144F97B82963FD0D0052DDE2 /* GitHubViewController.swift */,
				144F97F7296573780052DDE2 /* UserDetailsViewModel.swift */,
				144F97F92965738D0052DDE2 /* UserDetailsViewController.swift */,
				1498D41C2966D08000898BF0 /* ForksUsersViewModel.swift */,
				1498D41A2966D06F00898BF0 /* ForksUsersViewController.swift */,
			);
			path = View;
			sourceTree = "<group>";
		};
		144F97F22964408D0052DDE2 /* Cell */ = {
			isa = PBXGroup;
			children = (
				144F97F3296440F20052DDE2 /* UsersTableViewCell.swift */,
				1498D4122965905200898BF0 /* ReposTableViewCell.swift */,
				1498D4242969EB7600898BF0 /* ForkUsersTableViewCell.swift */,
			);
			path = Cell;
			sourceTree = "<group>";
		};
		818CE66534E2AE1AF106C2DB /* Frameworks */ = {
			isa = PBXGroup;
			children = (
				6B60C4FE94A5250CBEB48604 /* Pods_GitHubProject.framework */,
				8F457FC86457F03F6C7FCBA6 /* Pods_GitHubProject_GitHubProjectUITests.framework */,
				4AB91539C49BEB4ADD03DAC6 /* Pods_GitHubProjectTests.framework */,
			);
			name = Frameworks;
			sourceTree = "<group>";
		};
		B16B9168D462C7397D6CF8E3 /* Pods */ = {
			isa = PBXGroup;
			children = (
				19F832C452F31F0E68970DBD /* Pods-GitHubProject.debug.xcconfig */,
				66471AF43B4D060F92201323 /* Pods-GitHubProject.release.xcconfig */,
				C4808B3785767DD91C093CFB /* Pods-GitHubProject-GitHubProjectUITests.debug.xcconfig */,
				8BEA2DA55834D21E1F195ECB /* Pods-GitHubProject-GitHubProjectUITests.release.xcconfig */,
				D517BCCBE1C4D39D393DD84C /* Pods-GitHubProjectTests.debug.xcconfig */,
				0CF11B30D5A0C43777A39AF2 /* Pods-GitHubProjectTests.release.xcconfig */,
			);
			path = Pods;
			sourceTree = "<group>";
		};
/* End PBXGroup section */

/* Begin PBXNativeTarget section */
		144F97B02963FD0D0052DDE2 /* GitHubProject */ = {
			isa = PBXNativeTarget;
			buildConfigurationList = 144F97DB2963FD0E0052DDE2 /* Build configuration list for PBXNativeTarget "GitHubProject" */;
			buildPhases = (
				81014A3F3F688AC9AC52DA15 /* [CP] Check Pods Manifest.lock */,
				144F97AD2963FD0D0052DDE2 /* Sources */,
				144F97AE2963FD0D0052DDE2 /* Frameworks */,
				144F97AF2963FD0D0052DDE2 /* Resources */,
				73A6A9CA487A18AF6BFD494D /* [CP] Embed Pods Frameworks */,
			);
			buildRules = (
			);
			dependencies = (
			);
			name = GitHubProject;
			productName = GitHubProject;
			productReference = 144F97B12963FD0D0052DDE2 /* GitHubProject.app */;
			productType = "com.apple.product-type.application";
		};
		144F97C62963FD0E0052DDE2 /* GitHubProjectTests */ = {
			isa = PBXNativeTarget;
			buildConfigurationList = 144F97DE2963FD0E0052DDE2 /* Build configuration list for PBXNativeTarget "GitHubProjectTests" */;
			buildPhases = (
				DA49168D2A08AD1BB0FCE959 /* [CP] Check Pods Manifest.lock */,
				144F97C32963FD0E0052DDE2 /* Sources */,
				144F97C42963FD0E0052DDE2 /* Frameworks */,
				144F97C52963FD0E0052DDE2 /* Resources */,
			);
			buildRules = (
			);
			dependencies = (
				144F97C92963FD0E0052DDE2 /* PBXTargetDependency */,
			);
			name = GitHubProjectTests;
			productName = GitHubProjectTests;
			productReference = 144F97C72963FD0E0052DDE2 /* GitHubProjectTests.xctest */;
			productType = "com.apple.product-type.bundle.unit-test";
		};
		144F97D02963FD0E0052DDE2 /* GitHubProjectUITests */ = {
			isa = PBXNativeTarget;
			buildConfigurationList = 144F97E12963FD0E0052DDE2 /* Build configuration list for PBXNativeTarget "GitHubProjectUITests" */;
			buildPhases = (
				1C5AA1389330F5A950054208 /* [CP] Check Pods Manifest.lock */,
				144F97CD2963FD0E0052DDE2 /* Sources */,
				144F97CE2963FD0E0052DDE2 /* Frameworks */,
				144F97CF2963FD0E0052DDE2 /* Resources */,
				A60263F586F94F7A59713667 /* [CP] Embed Pods Frameworks */,
			);
			buildRules = (
			);
			dependencies = (
				144F97D32963FD0E0052DDE2 /* PBXTargetDependency */,
			);
			name = GitHubProjectUITests;
			productName = GitHubProjectUITests;
			productReference = 144F97D12963FD0E0052DDE2 /* GitHubProjectUITests.xctest */;
			productType = "com.apple.product-type.bundle.ui-testing";
		};
/* End PBXNativeTarget section */

/* Begin PBXProject section */
		144F97A92963FD0D0052DDE2 /* Project object */ = {
			isa = PBXProject;
			attributes = {
				BuildIndependentTargetsInParallel = 1;
				LastSwiftUpdateCheck = 1410;
				LastUpgradeCheck = 1410;
				TargetAttributes = {
					144F97B02963FD0D0052DDE2 = {
						CreatedOnToolsVersion = 14.1;
					};
					144F97C62963FD0E0052DDE2 = {
						CreatedOnToolsVersion = 14.1;
						TestTargetID = 144F97B02963FD0D0052DDE2;
					};
					144F97D02963FD0E0052DDE2 = {
						CreatedOnToolsVersion = 14.1;
						TestTargetID = 144F97B02963FD0D0052DDE2;
					};
				};
			};
			buildConfigurationList = 144F97AC2963FD0D0052DDE2 /* Build configuration list for PBXProject "GitHubProject" */;
			compatibilityVersion = "Xcode 14.0";
			developmentRegion = en;
			hasScannedForEncodings = 0;
			knownRegions = (
				en,
				Base,
			);
			mainGroup = 144F97A82963FD0D0052DDE2;
			productRefGroup = 144F97B22963FD0D0052DDE2 /* Products */;
			projectDirPath = "";
			projectRoot = "";
			targets = (
				144F97B02963FD0D0052DDE2 /* GitHubProject */,
				144F97C62963FD0E0052DDE2 /* GitHubProjectTests */,
				144F97D02963FD0E0052DDE2 /* GitHubProjectUITests */,
			);
		};
/* End PBXProject section */

/* Begin PBXResourcesBuildPhase section */
		144F97AF2963FD0D0052DDE2 /* Resources */ = {
			isa = PBXResourcesBuildPhase;
			buildActionMask = 2147483647;
			files = (
				144F97C12963FD0D0052DDE2 /* LaunchScreen.storyboard in Resources */,
				144F97BE2963FD0D0052DDE2 /* Assets.xcassets in Resources */,
				1498D41F2969E6C200898BF0 /* UserDetailsViewController.storyboard in Resources */,
				144F97BC2963FD0D0052DDE2 /* Main.storyboard in Resources */,
				1498D4212969E9A800898BF0 /* Spinner.storyboard in Resources */,
				1498D4232969E9E300898BF0 /* ForksUsersViewController.storyboard in Resources */,
			);
			runOnlyForDeploymentPostprocessing = 0;
		};
		144F97C52963FD0E0052DDE2 /* Resources */ = {
			isa = PBXResourcesBuildPhase;
			buildActionMask = 2147483647;
			files = (
			);
			runOnlyForDeploymentPostprocessing = 0;
		};
		144F97CF2963FD0E0052DDE2 /* Resources */ = {
			isa = PBXResourcesBuildPhase;
			buildActionMask = 2147483647;
			files = (
			);
			runOnlyForDeploymentPostprocessing = 0;
		};
/* End PBXResourcesBuildPhase section */

/* Begin PBXShellScriptBuildPhase section */
		1C5AA1389330F5A950054208 /* [CP] Check Pods Manifest.lock */ = {
			isa = PBXShellScriptBuildPhase;
			buildActionMask = 2147483647;
			files = (
			);
			inputFileListPaths = (
			);
			inputPaths = (
				"${PODS_PODFILE_DIR_PATH}/Podfile.lock",
				"${PODS_ROOT}/Manifest.lock",
			);
			name = "[CP] Check Pods Manifest.lock";
			outputFileListPaths = (
			);
			outputPaths = (
				"$(DERIVED_FILE_DIR)/Pods-GitHubProject-GitHubProjectUITests-checkManifestLockResult.txt",
			);
			runOnlyForDeploymentPostprocessing = 0;
			shellPath = /bin/sh;
			shellScript = "diff \"${PODS_PODFILE_DIR_PATH}/Podfile.lock\" \"${PODS_ROOT}/Manifest.lock\" > /dev/null\nif [ $? != 0 ] ; then\n    # print error to STDERR\n    echo \"error: The sandbox is not in sync with the Podfile.lock. Run 'pod install' or update your CocoaPods installation.\" >&2\n    exit 1\nfi\n# This output is used by Xcode 'outputs' to avoid re-running this script phase.\necho \"SUCCESS\" > \"${SCRIPT_OUTPUT_FILE_0}\"\n";
			showEnvVarsInLog = 0;
		};
		73A6A9CA487A18AF6BFD494D /* [CP] Embed Pods Frameworks */ = {
			isa = PBXShellScriptBuildPhase;
			buildActionMask = 2147483647;
			files = (
			);
			inputFileListPaths = (
				"${PODS_ROOT}/Target Support Files/Pods-GitHubProject/Pods-GitHubProject-frameworks-${CONFIGURATION}-input-files.xcfilelist",
			);
			name = "[CP] Embed Pods Frameworks";
			outputFileListPaths = (
				"${PODS_ROOT}/Target Support Files/Pods-GitHubProject/Pods-GitHubProject-frameworks-${CONFIGURATION}-output-files.xcfilelist",
			);
			runOnlyForDeploymentPostprocessing = 0;
			shellPath = /bin/sh;
			shellScript = "\"${PODS_ROOT}/Target Support Files/Pods-GitHubProject/Pods-GitHubProject-frameworks.sh\"\n";
			showEnvVarsInLog = 0;
		};
		81014A3F3F688AC9AC52DA15 /* [CP] Check Pods Manifest.lock */ = {
			isa = PBXShellScriptBuildPhase;
			buildActionMask = 2147483647;
			files = (
			);
			inputFileListPaths = (
			);
			inputPaths = (
				"${PODS_PODFILE_DIR_PATH}/Podfile.lock",
				"${PODS_ROOT}/Manifest.lock",
			);
			name = "[CP] Check Pods Manifest.lock";
			outputFileListPaths = (
			);
			outputPaths = (
				"$(DERIVED_FILE_DIR)/Pods-GitHubProject-checkManifestLockResult.txt",
			);
			runOnlyForDeploymentPostprocessing = 0;
			shellPath = /bin/sh;
			shellScript = "diff \"${PODS_PODFILE_DIR_PATH}/Podfile.lock\" \"${PODS_ROOT}/Manifest.lock\" > /dev/null\nif [ $? != 0 ] ; then\n    # print error to STDERR\n    echo \"error: The sandbox is not in sync with the Podfile.lock. Run 'pod install' or update your CocoaPods installation.\" >&2\n    exit 1\nfi\n# This output is used by Xcode 'outputs' to avoid re-running this script phase.\necho \"SUCCESS\" > \"${SCRIPT_OUTPUT_FILE_0}\"\n";
			showEnvVarsInLog = 0;
		};
		A60263F586F94F7A59713667 /* [CP] Embed Pods Frameworks */ = {
			isa = PBXShellScriptBuildPhase;
			buildActionMask = 2147483647;
			files = (
			);
			inputFileListPaths = (
				"${PODS_ROOT}/Target Support Files/Pods-GitHubProject-GitHubProjectUITests/Pods-GitHubProject-GitHubProjectUITests-frameworks-${CONFIGURATION}-input-files.xcfilelist",
			);
			name = "[CP] Embed Pods Frameworks";
			outputFileListPaths = (
				"${PODS_ROOT}/Target Support Files/Pods-GitHubProject-GitHubProjectUITests/Pods-GitHubProject-GitHubProjectUITests-frameworks-${CONFIGURATION}-output-files.xcfilelist",
			);
			runOnlyForDeploymentPostprocessing = 0;
			shellPath = /bin/sh;
			shellScript = "\"${PODS_ROOT}/Target Support Files/Pods-GitHubProject-GitHubProjectUITests/Pods-GitHubProject-GitHubProjectUITests-frameworks.sh\"\n";
			showEnvVarsInLog = 0;
		};
		DA49168D2A08AD1BB0FCE959 /* [CP] Check Pods Manifest.lock */ = {
			isa = PBXShellScriptBuildPhase;
			buildActionMask = 2147483647;
			files = (
			);
			inputFileListPaths = (
			);
			inputPaths = (
				"${PODS_PODFILE_DIR_PATH}/Podfile.lock",
				"${PODS_ROOT}/Manifest.lock",
			);
			name = "[CP] Check Pods Manifest.lock";
			outputFileListPaths = (
			);
			outputPaths = (
				"$(DERIVED_FILE_DIR)/Pods-GitHubProjectTests-checkManifestLockResult.txt",
			);
			runOnlyForDeploymentPostprocessing = 0;
			shellPath = /bin/sh;
			shellScript = "diff \"${PODS_PODFILE_DIR_PATH}/Podfile.lock\" \"${PODS_ROOT}/Manifest.lock\" > /dev/null\nif [ $? != 0 ] ; then\n    # print error to STDERR\n    echo \"error: The sandbox is not in sync with the Podfile.lock. Run 'pod install' or update your CocoaPods installation.\" >&2\n    exit 1\nfi\n# This output is used by Xcode 'outputs' to avoid re-running this script phase.\necho \"SUCCESS\" > \"${SCRIPT_OUTPUT_FILE_0}\"\n";
			showEnvVarsInLog = 0;
		};
/* End PBXShellScriptBuildPhase section */

/* Begin PBXSourcesBuildPhase section */
		144F97AD2963FD0D0052DDE2 /* Sources */ = {
			isa = PBXSourcesBuildPhase;
			buildActionMask = 2147483647;
			files = (
				144F97F4296440F20052DDE2 /* UsersTableViewCell.swift in Sources */,
				144F97B92963FD0D0052DDE2 /* GitHubViewController.swift in Sources */,
				144F97B52963FD0D0052DDE2 /* AppDelegate.swift in Sources */,
				144F97F6296561090052DDE2 /* Dynamic.swift in Sources */,
				1498D41D2966D08000898BF0 /* ForksUsersViewModel.swift in Sources */,
				1498D4252969EB7600898BF0 /* ForkUsersTableViewCell.swift in Sources */,
				1498D4172966BA9B00898BF0 /* Spinner.swift in Sources */,
				144F97EE2964218B0052DDE2 /* ApiGitHub.swift in Sources */,
				144F97E6296413E30052DDE2 /* GitHub.swift in Sources */,
				144F97F8296573780052DDE2 /* UserDetailsViewModel.swift in Sources */,
				144F97EC29641A3D0052DDE2 /* GitHubRepo.swift in Sources */,
				1498D41B2966D06F00898BF0 /* ForksUsersViewController.swift in Sources */,
				144F97FA2965738D0052DDE2 /* UserDetailsViewController.swift in Sources */,
				144F97F129642FE20052DDE2 /* GitHubViewModel.swift in Sources */,
				144F97B72963FD0D0052DDE2 /* SceneDelegate.swift in Sources */,
				1498D4132965905200898BF0 /* ReposTableViewCell.swift in Sources */,
			);
			runOnlyForDeploymentPostprocessing = 0;
		};
		144F97C32963FD0E0052DDE2 /* Sources */ = {
			isa = PBXSourcesBuildPhase;
			buildActionMask = 2147483647;
			files = (
				144F97CC2963FD0E0052DDE2 /* GitHubProjectTests.swift in Sources */,
			);
			runOnlyForDeploymentPostprocessing = 0;
		};
		144F97CD2963FD0E0052DDE2 /* Sources */ = {
			isa = PBXSourcesBuildPhase;
			buildActionMask = 2147483647;
			files = (
				144F97D62963FD0E0052DDE2 /* GitHubProjectUITests.swift in Sources */,
				144F97D82963FD0E0052DDE2 /* GitHubProjectUITestsLaunchTests.swift in Sources */,
			);
			runOnlyForDeploymentPostprocessing = 0;
		};
/* End PBXSourcesBuildPhase section */

/* Begin PBXTargetDependency section */
		144F97C92963FD0E0052DDE2 /* PBXTargetDependency */ = {
			isa = PBXTargetDependency;
			target = 144F97B02963FD0D0052DDE2 /* GitHubProject */;
			targetProxy = 144F97C82963FD0E0052DDE2 /* PBXContainerItemProxy */;
		};
		144F97D32963FD0E0052DDE2 /* PBXTargetDependency */ = {
			isa = PBXTargetDependency;
			target = 144F97B02963FD0D0052DDE2 /* GitHubProject */;
			targetProxy = 144F97D22963FD0E0052DDE2 /* PBXContainerItemProxy */;
		};
/* End PBXTargetDependency section */

/* Begin PBXVariantGroup section */
		144F97BA2963FD0D0052DDE2 /* Main.storyboard */ = {
			isa = PBXVariantGroup;
			children = (
				144F97BB2963FD0D0052DDE2 /* Base */,
			);
			name = Main.storyboard;
			sourceTree = "<group>";
		};
		144F97BF2963FD0D0052DDE2 /* LaunchScreen.storyboard */ = {
			isa = PBXVariantGroup;
			children = (
				144F97C02963FD0D0052DDE2 /* Base */,
			);
			name = LaunchScreen.storyboard;
			sourceTree = "<group>";
		};
/* End PBXVariantGroup section */

/* Begin XCBuildConfiguration section */
		144F97D92963FD0E0052DDE2 /* Debug */ = {
			isa = XCBuildConfiguration;
			buildSettings = {
				ALWAYS_SEARCH_USER_PATHS = NO;
				CLANG_ANALYZER_NONNULL = YES;
				CLANG_ANALYZER_NUMBER_OBJECT_CONVERSION = YES_AGGRESSIVE;
				CLANG_CXX_LANGUAGE_STANDARD = "gnu++20";
				CLANG_ENABLE_MODULES = YES;
				CLANG_ENABLE_OBJC_ARC = YES;
				CLANG_ENABLE_OBJC_WEAK = YES;
				CLANG_WARN_BLOCK_CAPTURE_AUTORELEASING = YES;
				CLANG_WARN_BOOL_CONVERSION = YES;
				CLANG_WARN_COMMA = YES;
				CLANG_WARN_CONSTANT_CONVERSION = YES;
				CLANG_WARN_DEPRECATED_OBJC_IMPLEMENTATIONS = YES;
				CLANG_WARN_DIRECT_OBJC_ISA_USAGE = YES_ERROR;
				CLANG_WARN_DOCUMENTATION_COMMENTS = YES;
				CLANG_WARN_EMPTY_BODY = YES;
				CLANG_WARN_ENUM_CONVERSION = YES;
				CLANG_WARN_INFINITE_RECURSION = YES;
				CLANG_WARN_INT_CONVERSION = YES;
				CLANG_WARN_NON_LITERAL_NULL_CONVERSION = YES;
				CLANG_WARN_OBJC_IMPLICIT_RETAIN_SELF = YES;
				CLANG_WARN_OBJC_LITERAL_CONVERSION = YES;
				CLANG_WARN_OBJC_ROOT_CLASS = YES_ERROR;
				CLANG_WARN_QUOTED_INCLUDE_IN_FRAMEWORK_HEADER = YES;
				CLANG_WARN_RANGE_LOOP_ANALYSIS = YES;
				CLANG_WARN_STRICT_PROTOTYPES = YES;
				CLANG_WARN_SUSPICIOUS_MOVE = YES;
				CLANG_WARN_UNGUARDED_AVAILABILITY = YES_AGGRESSIVE;
				CLANG_WARN_UNREACHABLE_CODE = YES;
				CLANG_WARN__DUPLICATE_METHOD_MATCH = YES;
				COPY_PHASE_STRIP = NO;
				DEBUG_INFORMATION_FORMAT = dwarf;
				ENABLE_STRICT_OBJC_MSGSEND = YES;
				ENABLE_TESTABILITY = YES;
				GCC_C_LANGUAGE_STANDARD = gnu11;
				GCC_DYNAMIC_NO_PIC = NO;
				GCC_NO_COMMON_BLOCKS = YES;
				GCC_OPTIMIZATION_LEVEL = 0;
				GCC_PREPROCESSOR_DEFINITIONS = (
					"DEBUG=1",
					"$(inherited)",
				);
				GCC_WARN_64_TO_32_BIT_CONVERSION = YES;
				GCC_WARN_ABOUT_RETURN_TYPE = YES_ERROR;
				GCC_WARN_UNDECLARED_SELECTOR = YES;
				GCC_WARN_UNINITIALIZED_AUTOS = YES_AGGRESSIVE;
				GCC_WARN_UNUSED_FUNCTION = YES;
				GCC_WARN_UNUSED_VARIABLE = YES;
				IPHONEOS_DEPLOYMENT_TARGET = 16.1;
				MTL_ENABLE_DEBUG_INFO = INCLUDE_SOURCE;
				MTL_FAST_MATH = YES;
				ONLY_ACTIVE_ARCH = YES;
				SDKROOT = iphoneos;
				SWIFT_ACTIVE_COMPILATION_CONDITIONS = DEBUG;
				SWIFT_OPTIMIZATION_LEVEL = "-Onone";
			};
			name = Debug;
		};
		144F97DA2963FD0E0052DDE2 /* Release */ = {
			isa = XCBuildConfiguration;
			buildSettings = {
				ALWAYS_SEARCH_USER_PATHS = NO;
				CLANG_ANALYZER_NONNULL = YES;
				CLANG_ANALYZER_NUMBER_OBJECT_CONVERSION = YES_AGGRESSIVE;
				CLANG_CXX_LANGUAGE_STANDARD = "gnu++20";
				CLANG_ENABLE_MODULES = YES;
				CLANG_ENABLE_OBJC_ARC = YES;
				CLANG_ENABLE_OBJC_WEAK = YES;
				CLANG_WARN_BLOCK_CAPTURE_AUTORELEASING = YES;
				CLANG_WARN_BOOL_CONVERSION = YES;
				CLANG_WARN_COMMA = YES;
				CLANG_WARN_CONSTANT_CONVERSION = YES;
				CLANG_WARN_DEPRECATED_OBJC_IMPLEMENTATIONS = YES;
				CLANG_WARN_DIRECT_OBJC_ISA_USAGE = YES_ERROR;
				CLANG_WARN_DOCUMENTATION_COMMENTS = YES;
				CLANG_WARN_EMPTY_BODY = YES;
				CLANG_WARN_ENUM_CONVERSION = YES;
				CLANG_WARN_INFINITE_RECURSION = YES;
				CLANG_WARN_INT_CONVERSION = YES;
				CLANG_WARN_NON_LITERAL_NULL_CONVERSION = YES;
				CLANG_WARN_OBJC_IMPLICIT_RETAIN_SELF = YES;
				CLANG_WARN_OBJC_LITERAL_CONVERSION = YES;
				CLANG_WARN_OBJC_ROOT_CLASS = YES_ERROR;
				CLANG_WARN_QUOTED_INCLUDE_IN_FRAMEWORK_HEADER = YES;
				CLANG_WARN_RANGE_LOOP_ANALYSIS = YES;
				CLANG_WARN_STRICT_PROTOTYPES = YES;
				CLANG_WARN_SUSPICIOUS_MOVE = YES;
				CLANG_WARN_UNGUARDED_AVAILABILITY = YES_AGGRESSIVE;
				CLANG_WARN_UNREACHABLE_CODE = YES;
				CLANG_WARN__DUPLICATE_METHOD_MATCH = YES;
				COPY_PHASE_STRIP = NO;
				DEBUG_INFORMATION_FORMAT = "dwarf-with-dsym";
				ENABLE_NS_ASSERTIONS = NO;
				ENABLE_STRICT_OBJC_MSGSEND = YES;
				GCC_C_LANGUAGE_STANDARD = gnu11;
				GCC_NO_COMMON_BLOCKS = YES;
				GCC_WARN_64_TO_32_BIT_CONVERSION = YES;
				GCC_WARN_ABOUT_RETURN_TYPE = YES_ERROR;
				GCC_WARN_UNDECLARED_SELECTOR = YES;
				GCC_WARN_UNINITIALIZED_AUTOS = YES_AGGRESSIVE;
				GCC_WARN_UNUSED_FUNCTION = YES;
				GCC_WARN_UNUSED_VARIABLE = YES;
				IPHONEOS_DEPLOYMENT_TARGET = 16.1;
				MTL_ENABLE_DEBUG_INFO = NO;
				MTL_FAST_MATH = YES;
				SDKROOT = iphoneos;
				SWIFT_COMPILATION_MODE = wholemodule;
				SWIFT_OPTIMIZATION_LEVEL = "-O";
				VALIDATE_PRODUCT = YES;
			};
			name = Release;
		};
		144F97DC2963FD0E0052DDE2 /* Debug */ = {
			isa = XCBuildConfiguration;
			baseConfigurationReference = 19F832C452F31F0E68970DBD /* Pods-GitHubProject.debug.xcconfig */;
			buildSettings = {
				ASSETCATALOG_COMPILER_APPICON_NAME = AppIcon;
				ASSETCATALOG_COMPILER_GLOBAL_ACCENT_COLOR_NAME = AccentColor;
				CODE_SIGN_STYLE = Automatic;
				CURRENT_PROJECT_VERSION = 1;
				DEVELOPMENT_TEAM = N3M42F6HYF;
				GENERATE_INFOPLIST_FILE = YES;
				INFOPLIST_FILE = GitHubProject/Info.plist;
				INFOPLIST_KEY_UIApplicationSupportsIndirectInputEvents = YES;
				INFOPLIST_KEY_UILaunchStoryboardName = LaunchScreen;
				INFOPLIST_KEY_UIMainStoryboardFile = Main;
				INFOPLIST_KEY_UISupportedInterfaceOrientations_iPad = "UIInterfaceOrientationPortrait UIInterfaceOrientationPortraitUpsideDown UIInterfaceOrientationLandscapeLeft UIInterfaceOrientationLandscapeRight";
				INFOPLIST_KEY_UISupportedInterfaceOrientations_iPhone = "UIInterfaceOrientationPortrait UIInterfaceOrientationLandscapeLeft UIInterfaceOrientationLandscapeRight";
				LD_RUNPATH_SEARCH_PATHS = (
					"$(inherited)",
					"@executable_path/Frameworks",
				);
				MARKETING_VERSION = 1.0;
				PRODUCT_BUNDLE_IDENTIFIER = com.noura.GitHubProject;
				PRODUCT_NAME = "$(TARGET_NAME)";
				SWIFT_EMIT_LOC_STRINGS = YES;
				SWIFT_VERSION = 5.0;
				TARGETED_DEVICE_FAMILY = "1,2";
			};
			name = Debug;
		};
		144F97DD2963FD0E0052DDE2 /* Release */ = {
			isa = XCBuildConfiguration;
			baseConfigurationReference = 66471AF43B4D060F92201323 /* Pods-GitHubProject.release.xcconfig */;
			buildSettings = {
				ASSETCATALOG_COMPILER_APPICON_NAME = AppIcon;
				ASSETCATALOG_COMPILER_GLOBAL_ACCENT_COLOR_NAME = AccentColor;
				CODE_SIGN_STYLE = Automatic;
				CURRENT_PROJECT_VERSION = 1;
				DEVELOPMENT_TEAM = N3M42F6HYF;
				GENERATE_INFOPLIST_FILE = YES;
				INFOPLIST_FILE = GitHubProject/Info.plist;
				INFOPLIST_KEY_UIApplicationSupportsIndirectInputEvents = YES;
				INFOPLIST_KEY_UILaunchStoryboardName = LaunchScreen;
				INFOPLIST_KEY_UIMainStoryboardFile = Main;
				INFOPLIST_KEY_UISupportedInterfaceOrientations_iPad = "UIInterfaceOrientationPortrait UIInterfaceOrientationPortraitUpsideDown UIInterfaceOrientationLandscapeLeft UIInterfaceOrientationLandscapeRight";
				INFOPLIST_KEY_UISupportedInterfaceOrientations_iPhone = "UIInterfaceOrientationPortrait UIInterfaceOrientationLandscapeLeft UIInterfaceOrientationLandscapeRight";
				LD_RUNPATH_SEARCH_PATHS = (
					"$(inherited)",
					"@executable_path/Frameworks",
				);
				MARKETING_VERSION = 1.0;
				PRODUCT_BUNDLE_IDENTIFIER = com.noura.GitHubProject;
				PRODUCT_NAME = "$(TARGET_NAME)";
				SWIFT_EMIT_LOC_STRINGS = YES;
				SWIFT_VERSION = 5.0;
				TARGETED_DEVICE_FAMILY = "1,2";
			};
			name = Release;
		};
		144F97DF2963FD0E0052DDE2 /* Debug */ = {
			isa = XCBuildConfiguration;
			baseConfigurationReference = D517BCCBE1C4D39D393DD84C /* Pods-GitHubProjectTests.debug.xcconfig */;
			buildSettings = {
				ALWAYS_EMBED_SWIFT_STANDARD_LIBRARIES = YES;
				BUNDLE_LOADER = "$(TEST_HOST)";
				CODE_SIGN_STYLE = Automatic;
				CURRENT_PROJECT_VERSION = 1;
				DEVELOPMENT_TEAM = N3M42F6HYF;
				GENERATE_INFOPLIST_FILE = YES;
				IPHONEOS_DEPLOYMENT_TARGET = 16.1;
				MARKETING_VERSION = 1.0;
				PRODUCT_BUNDLE_IDENTIFIER = com.noura.GitHubProjectTests;
				PRODUCT_NAME = "$(TARGET_NAME)";
				SWIFT_EMIT_LOC_STRINGS = NO;
				SWIFT_VERSION = 5.0;
				TARGETED_DEVICE_FAMILY = "1,2";
				TEST_HOST = "$(BUILT_PRODUCTS_DIR)/GitHubProject.app/$(BUNDLE_EXECUTABLE_FOLDER_PATH)/GitHubProject";
			};
			name = Debug;
		};
		144F97E02963FD0E0052DDE2 /* Release */ = {
			isa = XCBuildConfiguration;
			baseConfigurationReference = 0CF11B30D5A0C43777A39AF2 /* Pods-GitHubProjectTests.release.xcconfig */;
			buildSettings = {
				ALWAYS_EMBED_SWIFT_STANDARD_LIBRARIES = YES;
				BUNDLE_LOADER = "$(TEST_HOST)";
				CODE_SIGN_STYLE = Automatic;
				CURRENT_PROJECT_VERSION = 1;
				DEVELOPMENT_TEAM = N3M42F6HYF;
				GENERATE_INFOPLIST_FILE = YES;
				IPHONEOS_DEPLOYMENT_TARGET = 16.1;
				MARKETING_VERSION = 1.0;
				PRODUCT_BUNDLE_IDENTIFIER = com.noura.GitHubProjectTests;
				PRODUCT_NAME = "$(TARGET_NAME)";
				SWIFT_EMIT_LOC_STRINGS = NO;
				SWIFT_VERSION = 5.0;
				TARGETED_DEVICE_FAMILY = "1,2";
				TEST_HOST = "$(BUILT_PRODUCTS_DIR)/GitHubProject.app/$(BUNDLE_EXECUTABLE_FOLDER_PATH)/GitHubProject";
			};
			name = Release;
		};
		144F97E22963FD0E0052DDE2 /* Debug */ = {
			isa = XCBuildConfiguration;
			baseConfigurationReference = C4808B3785767DD91C093CFB /* Pods-GitHubProject-GitHubProjectUITests.debug.xcconfig */;
			buildSettings = {
				ALWAYS_EMBED_SWIFT_STANDARD_LIBRARIES = YES;
				CODE_SIGN_STYLE = Automatic;
				CURRENT_PROJECT_VERSION = 1;
				DEVELOPMENT_TEAM = N3M42F6HYF;
				GENERATE_INFOPLIST_FILE = YES;
				MARKETING_VERSION = 1.0;
				PRODUCT_BUNDLE_IDENTIFIER = com.noura.GitHubProjectUITests;
				PRODUCT_NAME = "$(TARGET_NAME)";
				SWIFT_EMIT_LOC_STRINGS = NO;
				SWIFT_VERSION = 5.0;
				TARGETED_DEVICE_FAMILY = "1,2";
				TEST_TARGET_NAME = GitHubProject;
			};
			name = Debug;
		};
		144F97E32963FD0E0052DDE2 /* Release */ = {
			isa = XCBuildConfiguration;
			baseConfigurationReference = 8BEA2DA55834D21E1F195ECB /* Pods-GitHubProject-GitHubProjectUITests.release.xcconfig */;
			buildSettings = {
				ALWAYS_EMBED_SWIFT_STANDARD_LIBRARIES = YES;
				CODE_SIGN_STYLE = Automatic;
				CURRENT_PROJECT_VERSION = 1;
				DEVELOPMENT_TEAM = N3M42F6HYF;
				GENERATE_INFOPLIST_FILE = YES;
				MARKETING_VERSION = 1.0;
				PRODUCT_BUNDLE_IDENTIFIER = com.noura.GitHubProjectUITests;
				PRODUCT_NAME = "$(TARGET_NAME)";
				SWIFT_EMIT_LOC_STRINGS = NO;
				SWIFT_VERSION = 5.0;
				TARGETED_DEVICE_FAMILY = "1,2";
				TEST_TARGET_NAME = GitHubProject;
			};
			name = Release;
		};
/* End XCBuildConfiguration section */

/* Begin XCConfigurationList section */
		144F97AC2963FD0D0052DDE2 /* Build configuration list for PBXProject "GitHubProject" */ = {
			isa = XCConfigurationList;
			buildConfigurations = (
				144F97D92963FD0E0052DDE2 /* Debug */,
				144F97DA2963FD0E0052DDE2 /* Release */,
			);
			defaultConfigurationIsVisible = 0;
			defaultConfigurationName = Release;
		};
		144F97DB2963FD0E0052DDE2 /* Build configuration list for PBXNativeTarget "GitHubProject" */ = {
			isa = XCConfigurationList;
			buildConfigurations = (
				144F97DC2963FD0E0052DDE2 /* Debug */,
				144F97DD2963FD0E0052DDE2 /* Release */,
			);
			defaultConfigurationIsVisible = 0;
			defaultConfigurationName = Release;
		};
		144F97DE2963FD0E0052DDE2 /* Build configuration list for PBXNativeTarget "GitHubProjectTests" */ = {
			isa = XCConfigurationList;
			buildConfigurations = (
				144F97DF2963FD0E0052DDE2 /* Debug */,
				144F97E02963FD0E0052DDE2 /* Release */,
			);
			defaultConfigurationIsVisible = 0;
			defaultConfigurationName = Release;
		};
		144F97E12963FD0E0052DDE2 /* Build configuration list for PBXNativeTarget "GitHubProjectUITests" */ = {
			isa = XCConfigurationList;
			buildConfigurations = (
				144F97E22963FD0E0052DDE2 /* Debug */,
				144F97E32963FD0E0052DDE2 /* Release */,
			);
			defaultConfigurationIsVisible = 0;
			defaultConfigurationName = Release;
		};
/* End XCConfigurationList section */
	};
	rootObject = 144F97A92963FD0D0052DDE2 /* Project object */;
}
